// !$*UTF8*$!
{
	archiveVersion = 1;
	classes = {
	};
	objectVersion = 48;
	objects = {

/* Begin PBXBuildFile section */
		DB16EFD41F7860170039ACFE /* ShopCollectionViewCell.swift in Sources */ = {isa = PBXBuildFile; fileRef = DB16EFD21F7860170039ACFE /* ShopCollectionViewCell.swift */; };
		DB16EFD51F7860170039ACFE /* ShopCollectionViewCell.xib in Resources */ = {isa = PBXBuildFile; fileRef = DB16EFD31F7860170039ACFE /* ShopCollectionViewCell.xib */; };
		DB16EFD71F7860AC0039ACFE /* ShopsViewController+UICollectionView.swift in Sources */ = {isa = PBXBuildFile; fileRef = DB16EFD61F7860AC0039ACFE /* ShopsViewController+UICollectionView.swift */; };
		DB16EFDA1F7AC6730039ACFE /* Reachability.swift in Sources */ = {isa = PBXBuildFile; fileRef = DB16EFD91F7AC6730039ACFE /* Reachability.swift */; };
		DB1B393C1F77FE5800FBD410 /* AppDelegate.swift in Sources */ = {isa = PBXBuildFile; fileRef = DB1B393B1F77FE5800FBD410 /* AppDelegate.swift */; };
		DB1B393E1F77FE5800FBD410 /* ShopsViewController.swift in Sources */ = {isa = PBXBuildFile; fileRef = DB1B393D1F77FE5800FBD410 /* ShopsViewController.swift */; };
		DB1B39411F77FE5800FBD410 /* Main.storyboard in Resources */ = {isa = PBXBuildFile; fileRef = DB1B393F1F77FE5800FBD410 /* Main.storyboard */; };
		DB1B39441F77FE5800FBD410 /* MadridShopsAndActivities.xcdatamodeld in Sources */ = {isa = PBXBuildFile; fileRef = DB1B39421F77FE5800FBD410 /* MadridShopsAndActivities.xcdatamodeld */; };
		DB1B39461F77FE5800FBD410 /* Assets.xcassets in Resources */ = {isa = PBXBuildFile; fileRef = DB1B39451F77FE5800FBD410 /* Assets.xcassets */; };
		DB1B39491F77FE5800FBD410 /* LaunchScreen.storyboard in Resources */ = {isa = PBXBuildFile; fileRef = DB1B39471F77FE5800FBD410 /* LaunchScreen.storyboard */; };
		DB1B39541F77FE5800FBD410 /* MadridShopsAndActivitiesTests.swift in Sources */ = {isa = PBXBuildFile; fileRef = DB1B39531F77FE5800FBD410 /* MadridShopsAndActivitiesTests.swift */; };
		DB2BA3E71F7DA7A900FF8701 /* MadridTabBarController.swift in Sources */ = {isa = PBXBuildFile; fileRef = DB2BA3E61F7DA7A900FF8701 /* MadridTabBarController.swift */; };
		DB2BA3EE1F7DAC2D00FF8701 /* SetExecutedOnceInteractorImpl.swift in Sources */ = {isa = PBXBuildFile; fileRef = DB2BA3EA1F7DAC2C00FF8701 /* SetExecutedOnceInteractorImpl.swift */; };
		DB2BA3EF1F7DAC2D00FF8701 /* SetExecutedOnceInteractor.swift in Sources */ = {isa = PBXBuildFile; fileRef = DB2BA3EB1F7DAC2D00FF8701 /* SetExecutedOnceInteractor.swift */; };
		DB2BA3F11F7DB13D00FF8701 /* CheckExecutedOnceInteractor.swift in Sources */ = {isa = PBXBuildFile; fileRef = DB2BA3F01F7DB13D00FF8701 /* CheckExecutedOnceInteractor.swift */; };
		DB2BA3F31F7DB18100FF8701 /* CheckExecutedOnceInteractorImpl.swift in Sources */ = {isa = PBXBuildFile; fileRef = DB2BA3F21F7DB18100FF8701 /* CheckExecutedOnceInteractorImpl.swift */; };
		DB4641731F7ACEF2006D4B20 /* CoreDataStack.swift in Sources */ = {isa = PBXBuildFile; fileRef = DB4641721F7ACEF2006D4B20 /* CoreDataStack.swift */; };
		DB4641751F7ACF36006D4B20 /* HelperClass.swift in Sources */ = {isa = PBXBuildFile; fileRef = DB4641741F7ACF36006D4B20 /* HelperClass.swift */; };
		DB4641771F7AD610006D4B20 /* DetailViewController.swift in Sources */ = {isa = PBXBuildFile; fileRef = DB4641761F7AD610006D4B20 /* DetailViewController.swift */; };
		DB46417C1F7AE47F006D4B20 /* Mapper.swift in Sources */ = {isa = PBXBuildFile; fileRef = DB46417B1F7AE47F006D4B20 /* Mapper.swift */; };
		DB46417D1F7AE514006D4B20 /* SaveAllInteractorImplementation.swift in Sources */ = {isa = PBXBuildFile; fileRef = DB46417A1F7AE468006D4B20 /* SaveAllInteractorImplementation.swift */; };
		DB46417E1F7AE517006D4B20 /* SaveAllInteractor.swift in Sources */ = {isa = PBXBuildFile; fileRef = DB4641791F7AE468006D4B20 /* SaveAllInteractor.swift */; };
		DB4641801F7AE8A6006D4B20 /* ActivitiesViewController.swift in Sources */ = {isa = PBXBuildFile; fileRef = DB46417F1F7AE8A6006D4B20 /* ActivitiesViewController.swift */; };
		DB4641821F7AEBAC006D4B20 /* ActivitiesViewController+UICollectionView.swift in Sources */ = {isa = PBXBuildFile; fileRef = DB4641811F7AEBAC006D4B20 /* ActivitiesViewController+UICollectionView.swift */; };
		DB4641841F7AEC06006D4B20 /* ActivityCollectionViewCell.swift in Sources */ = {isa = PBXBuildFile; fileRef = DB4641831F7AEC06006D4B20 /* ActivityCollectionViewCell.swift */; };
		DB4641861F7AEC4E006D4B20 /* ActivityCell.xib in Resources */ = {isa = PBXBuildFile; fileRef = DB4641851F7AEC4E006D4B20 /* ActivityCell.xib */; };
		DB9A742A1F7805E500EE392B /* MapKit.framework in Frameworks */ = {isa = PBXBuildFile; fileRef = DB9A74291F7805E500EE392B /* MapKit.framework */; };
		DB9A74311F78097700EE392B /* Activity.swift in Sources */ = {isa = PBXBuildFile; fileRef = DB9A74301F78097700EE392B /* Activity.swift */; };
		DB9A74331F78098600EE392B /* Activities.swift in Sources */ = {isa = PBXBuildFile; fileRef = DB9A74321F78098600EE392B /* Activities.swift */; };
		DB9A74361F781E8200EE392B /* JSONParser.swift in Sources */ = {isa = PBXBuildFile; fileRef = DB9A74351F781E8200EE392B /* JSONParser.swift */; };
		DB9A74371F781F9600EE392B /* Shops.swift in Sources */ = {isa = PBXBuildFile; fileRef = DB9A742F1F78086F00EE392B /* Shops.swift */; };
		DB9A74381F781FB500EE392B /* Shop.swift in Sources */ = {isa = PBXBuildFile; fileRef = DB9A742E1F78084A00EE392B /* Shop.swift */; };
		DB9A743B1F78217300EE392B /* DownloadAllInteractor.swift in Sources */ = {isa = PBXBuildFile; fileRef = DB9A743A1F78217300EE392B /* DownloadAllInteractor.swift */; };
		DB9A743D1F7821D600EE392B /* Constants.swift in Sources */ = {isa = PBXBuildFile; fileRef = DB9A743C1F7821D600EE392B /* Constants.swift */; };
		DB9A743F1F78225100EE392B /* DownloadAllShopsInteractorImpl.swift in Sources */ = {isa = PBXBuildFile; fileRef = DB9A743E1F78225000EE392B /* DownloadAllShopsInteractorImpl.swift */; };
		DB9A74411F7822EE00EE392B /* DownloadAllActivitiesInteractorImpl.swift in Sources */ = {isa = PBXBuildFile; fileRef = DB9A74401F7822EE00EE392B /* DownloadAllActivitiesInteractorImpl.swift */; };
		DBBECB311F813472006AC8C2 /* ConnectionCheckerAndDataDownloader.swift in Sources */ = {isa = PBXBuildFile; fileRef = DBBECB301F813472006AC8C2 /* ConnectionCheckerAndDataDownloader.swift */; };
		DBBECB361F814AF3006AC8C2 /* UIViewExtensions.swift in Sources */ = {isa = PBXBuildFile; fileRef = DBBECB351F814AF3006AC8C2 /* UIViewExtensions.swift */; };
		DE9E208D501F5C6A7B31D6A7 /* Pods_MadridShopsAndActivities.framework in Frameworks */ = {isa = PBXBuildFile; fileRef = F13D9D6E6DFCB2D1A6FF0136 /* Pods_MadridShopsAndActivities.framework */; };
		FE3082EF05A32EE0DFB0B87E /* Pods_MadridShopsAndActivitiesTests.framework in Frameworks */ = {isa = PBXBuildFile; fileRef = 44ADAB98DA7507DD4F59EE49 /* Pods_MadridShopsAndActivitiesTests.framework */; };
/* End PBXBuildFile section */

/* Begin PBXContainerItemProxy section */
		DB1B39501F77FE5800FBD410 /* PBXContainerItemProxy */ = {
			isa = PBXContainerItemProxy;
			containerPortal = DB1B39301F77FE5800FBD410 /* Project object */;
			proxyType = 1;
			remoteGlobalIDString = DB1B39371F77FE5800FBD410;
			remoteInfo = MadridShopsAndActivities;
		};
/* End PBXContainerItemProxy section */

/* Begin PBXFileReference section */
		0F7CDA659C3FCFA2D11F970C /* Pods-MadridShopsAndActivities.debug.xcconfig */ = {isa = PBXFileReference; includeInIndex = 1; lastKnownFileType = text.xcconfig; name = "Pods-MadridShopsAndActivities.debug.xcconfig"; path = "Pods/Target Support Files/Pods-MadridShopsAndActivities/Pods-MadridShopsAndActivities.debug.xcconfig"; sourceTree = "<group>"; };
		3DC7BD70BD700CFB73A0DC1D /* Pods-MadridShopsAndActivities.release.xcconfig */ = {isa = PBXFileReference; includeInIndex = 1; lastKnownFileType = text.xcconfig; name = "Pods-MadridShopsAndActivities.release.xcconfig"; path = "Pods/Target Support Files/Pods-MadridShopsAndActivities/Pods-MadridShopsAndActivities.release.xcconfig"; sourceTree = "<group>"; };
		44ADAB98DA7507DD4F59EE49 /* Pods_MadridShopsAndActivitiesTests.framework */ = {isa = PBXFileReference; explicitFileType = wrapper.framework; includeInIndex = 0; path = Pods_MadridShopsAndActivitiesTests.framework; sourceTree = BUILT_PRODUCTS_DIR; };
		C2F6FA531F621F60E9FB404F /* Pods-MadridShopsAndActivitiesTests.release.xcconfig */ = {isa = PBXFileReference; includeInIndex = 1; lastKnownFileType = text.xcconfig; name = "Pods-MadridShopsAndActivitiesTests.release.xcconfig"; path = "Pods/Target Support Files/Pods-MadridShopsAndActivitiesTests/Pods-MadridShopsAndActivitiesTests.release.xcconfig"; sourceTree = "<group>"; };
		DB16EFD21F7860170039ACFE /* ShopCollectionViewCell.swift */ = {isa = PBXFileReference; lastKnownFileType = sourcecode.swift; path = ShopCollectionViewCell.swift; sourceTree = "<group>"; };
		DB16EFD31F7860170039ACFE /* ShopCollectionViewCell.xib */ = {isa = PBXFileReference; lastKnownFileType = file.xib; path = ShopCollectionViewCell.xib; sourceTree = "<group>"; };
		DB16EFD61F7860AC0039ACFE /* ShopsViewController+UICollectionView.swift */ = {isa = PBXFileReference; lastKnownFileType = sourcecode.swift; path = "ShopsViewController+UICollectionView.swift"; sourceTree = "<group>"; };
		DB16EFD91F7AC6730039ACFE /* Reachability.swift */ = {isa = PBXFileReference; lastKnownFileType = sourcecode.swift; path = Reachability.swift; sourceTree = "<group>"; };
		DB1B39381F77FE5800FBD410 /* MadridShopsAndActivities.app */ = {isa = PBXFileReference; explicitFileType = wrapper.application; includeInIndex = 0; path = MadridShopsAndActivities.app; sourceTree = BUILT_PRODUCTS_DIR; };
		DB1B393B1F77FE5800FBD410 /* AppDelegate.swift */ = {isa = PBXFileReference; lastKnownFileType = sourcecode.swift; path = AppDelegate.swift; sourceTree = "<group>"; };
		DB1B393D1F77FE5800FBD410 /* ShopsViewController.swift */ = {isa = PBXFileReference; lastKnownFileType = sourcecode.swift; path = ShopsViewController.swift; sourceTree = "<group>"; };
		DB1B39401F77FE5800FBD410 /* Base */ = {isa = PBXFileReference; lastKnownFileType = file.storyboard; name = Base; path = Base.lproj/Main.storyboard; sourceTree = "<group>"; };
		DB1B39431F77FE5800FBD410 /* MadridShopsAndActivities.xcdatamodel */ = {isa = PBXFileReference; lastKnownFileType = wrapper.xcdatamodel; path = MadridShopsAndActivities.xcdatamodel; sourceTree = "<group>"; };
		DB1B39451F77FE5800FBD410 /* Assets.xcassets */ = {isa = PBXFileReference; lastKnownFileType = folder.assetcatalog; path = Assets.xcassets; sourceTree = "<group>"; };
		DB1B39481F77FE5800FBD410 /* Base */ = {isa = PBXFileReference; lastKnownFileType = file.storyboard; name = Base; path = Base.lproj/LaunchScreen.storyboard; sourceTree = "<group>"; };
		DB1B394A1F77FE5800FBD410 /* Info.plist */ = {isa = PBXFileReference; lastKnownFileType = text.plist.xml; path = Info.plist; sourceTree = "<group>"; };
		DB1B394F1F77FE5800FBD410 /* MadridShopsAndActivitiesTests.xctest */ = {isa = PBXFileReference; explicitFileType = wrapper.cfbundle; includeInIndex = 0; path = MadridShopsAndActivitiesTests.xctest; sourceTree = BUILT_PRODUCTS_DIR; };
		DB1B39531F77FE5800FBD410 /* MadridShopsAndActivitiesTests.swift */ = {isa = PBXFileReference; lastKnownFileType = sourcecode.swift; path = MadridShopsAndActivitiesTests.swift; sourceTree = "<group>"; };
		DB1B39551F77FE5800FBD410 /* Info.plist */ = {isa = PBXFileReference; lastKnownFileType = text.plist.xml; path = Info.plist; sourceTree = "<group>"; };
		DB2BA3E61F7DA7A900FF8701 /* MadridTabBarController.swift */ = {isa = PBXFileReference; lastKnownFileType = sourcecode.swift; path = MadridTabBarController.swift; sourceTree = "<group>"; };
		DB2BA3EA1F7DAC2C00FF8701 /* SetExecutedOnceInteractorImpl.swift */ = {isa = PBXFileReference; lastKnownFileType = sourcecode.swift; path = SetExecutedOnceInteractorImpl.swift; sourceTree = "<group>"; };
		DB2BA3EB1F7DAC2D00FF8701 /* SetExecutedOnceInteractor.swift */ = {isa = PBXFileReference; lastKnownFileType = sourcecode.swift; path = SetExecutedOnceInteractor.swift; sourceTree = "<group>"; };
		DB2BA3F01F7DB13D00FF8701 /* CheckExecutedOnceInteractor.swift */ = {isa = PBXFileReference; lastKnownFileType = sourcecode.swift; path = CheckExecutedOnceInteractor.swift; sourceTree = "<group>"; };
		DB2BA3F21F7DB18100FF8701 /* CheckExecutedOnceInteractorImpl.swift */ = {isa = PBXFileReference; lastKnownFileType = sourcecode.swift; path = CheckExecutedOnceInteractorImpl.swift; sourceTree = "<group>"; };
		DB4641721F7ACEF2006D4B20 /* CoreDataStack.swift */ = {isa = PBXFileReference; lastKnownFileType = sourcecode.swift; path = CoreDataStack.swift; sourceTree = "<group>"; };
		DB4641741F7ACF36006D4B20 /* HelperClass.swift */ = {isa = PBXFileReference; lastKnownFileType = sourcecode.swift; path = HelperClass.swift; sourceTree = "<group>"; };
		DB4641761F7AD610006D4B20 /* DetailViewController.swift */ = {isa = PBXFileReference; lastKnownFileType = sourcecode.swift; path = DetailViewController.swift; sourceTree = "<group>"; };
		DB4641791F7AE468006D4B20 /* SaveAllInteractor.swift */ = {isa = PBXFileReference; lastKnownFileType = sourcecode.swift; path = SaveAllInteractor.swift; sourceTree = "<group>"; };
		DB46417A1F7AE468006D4B20 /* SaveAllInteractorImplementation.swift */ = {isa = PBXFileReference; lastKnownFileType = sourcecode.swift; path = SaveAllInteractorImplementation.swift; sourceTree = "<group>"; };
		DB46417B1F7AE47F006D4B20 /* Mapper.swift */ = {isa = PBXFileReference; lastKnownFileType = sourcecode.swift; path = Mapper.swift; sourceTree = "<group>"; };
		DB46417F1F7AE8A6006D4B20 /* ActivitiesViewController.swift */ = {isa = PBXFileReference; lastKnownFileType = sourcecode.swift; path = ActivitiesViewController.swift; sourceTree = "<group>"; };
		DB4641811F7AEBAC006D4B20 /* ActivitiesViewController+UICollectionView.swift */ = {isa = PBXFileReference; lastKnownFileType = sourcecode.swift; path = "ActivitiesViewController+UICollectionView.swift"; sourceTree = "<group>"; };
		DB4641831F7AEC06006D4B20 /* ActivityCollectionViewCell.swift */ = {isa = PBXFileReference; lastKnownFileType = sourcecode.swift; path = ActivityCollectionViewCell.swift; sourceTree = "<group>"; };
		DB4641851F7AEC4E006D4B20 /* ActivityCell.xib */ = {isa = PBXFileReference; lastKnownFileType = file.xib; path = ActivityCell.xib; sourceTree = "<group>"; };
		DB9A74291F7805E500EE392B /* MapKit.framework */ = {isa = PBXFileReference; lastKnownFileType = wrapper.framework; name = MapKit.framework; path = System/Library/Frameworks/MapKit.framework; sourceTree = SDKROOT; };
		DB9A742E1F78084A00EE392B /* Shop.swift */ = {isa = PBXFileReference; lastKnownFileType = sourcecode.swift; path = Shop.swift; sourceTree = "<group>"; };
		DB9A742F1F78086F00EE392B /* Shops.swift */ = {isa = PBXFileReference; lastKnownFileType = sourcecode.swift; path = Shops.swift; sourceTree = "<group>"; };
		DB9A74301F78097700EE392B /* Activity.swift */ = {isa = PBXFileReference; lastKnownFileType = sourcecode.swift; path = Activity.swift; sourceTree = "<group>"; };
		DB9A74321F78098600EE392B /* Activities.swift */ = {isa = PBXFileReference; lastKnownFileType = sourcecode.swift; path = Activities.swift; sourceTree = "<group>"; };
		DB9A74351F781E8200EE392B /* JSONParser.swift */ = {isa = PBXFileReference; lastKnownFileType = sourcecode.swift; path = JSONParser.swift; sourceTree = "<group>"; };
		DB9A743A1F78217300EE392B /* DownloadAllInteractor.swift */ = {isa = PBXFileReference; lastKnownFileType = sourcecode.swift; path = DownloadAllInteractor.swift; sourceTree = "<group>"; };
		DB9A743C1F7821D600EE392B /* Constants.swift */ = {isa = PBXFileReference; lastKnownFileType = sourcecode.swift; path = Constants.swift; sourceTree = "<group>"; };
		DB9A743E1F78225000EE392B /* DownloadAllShopsInteractorImpl.swift */ = {isa = PBXFileReference; lastKnownFileType = sourcecode.swift; path = DownloadAllShopsInteractorImpl.swift; sourceTree = "<group>"; };
		DB9A74401F7822EE00EE392B /* DownloadAllActivitiesInteractorImpl.swift */ = {isa = PBXFileReference; lastKnownFileType = sourcecode.swift; path = DownloadAllActivitiesInteractorImpl.swift; sourceTree = "<group>"; };
		DBBECB301F813472006AC8C2 /* ConnectionCheckerAndDataDownloader.swift */ = {isa = PBXFileReference; lastKnownFileType = sourcecode.swift; path = ConnectionCheckerAndDataDownloader.swift; sourceTree = "<group>"; };
		DBBECB351F814AF3006AC8C2 /* UIViewExtensions.swift */ = {isa = PBXFileReference; lastKnownFileType = sourcecode.swift; path = UIViewExtensions.swift; sourceTree = "<group>"; };
		EA0A9878753A81CBCE610221 /* Pods-MadridShopsAndActivitiesTests.debug.xcconfig */ = {isa = PBXFileReference; includeInIndex = 1; lastKnownFileType = text.xcconfig; name = "Pods-MadridShopsAndActivitiesTests.debug.xcconfig"; path = "Pods/Target Support Files/Pods-MadridShopsAndActivitiesTests/Pods-MadridShopsAndActivitiesTests.debug.xcconfig"; sourceTree = "<group>"; };
		F13D9D6E6DFCB2D1A6FF0136 /* Pods_MadridShopsAndActivities.framework */ = {isa = PBXFileReference; explicitFileType = wrapper.framework; includeInIndex = 0; path = Pods_MadridShopsAndActivities.framework; sourceTree = BUILT_PRODUCTS_DIR; };
/* End PBXFileReference section */

/* Begin PBXFrameworksBuildPhase section */
		DB1B39351F77FE5800FBD410 /* Frameworks */ = {
			isa = PBXFrameworksBuildPhase;
			buildActionMask = 2147483647;
			files = (
				DB9A742A1F7805E500EE392B /* MapKit.framework in Frameworks */,
				DE9E208D501F5C6A7B31D6A7 /* Pods_MadridShopsAndActivities.framework in Frameworks */,
			);
			runOnlyForDeploymentPostprocessing = 0;
		};
		DB1B394C1F77FE5800FBD410 /* Frameworks */ = {
			isa = PBXFrameworksBuildPhase;
			buildActionMask = 2147483647;
			files = (
				FE3082EF05A32EE0DFB0B87E /* Pods_MadridShopsAndActivitiesTests.framework in Frameworks */,
			);
			runOnlyForDeploymentPostprocessing = 0;
		};
/* End PBXFrameworksBuildPhase section */

/* Begin PBXGroup section */
		5318BB8DECACDB153570177F /* Pods */ = {
			isa = PBXGroup;
			children = (
				0F7CDA659C3FCFA2D11F970C /* Pods-MadridShopsAndActivities.debug.xcconfig */,
				3DC7BD70BD700CFB73A0DC1D /* Pods-MadridShopsAndActivities.release.xcconfig */,
				EA0A9878753A81CBCE610221 /* Pods-MadridShopsAndActivitiesTests.debug.xcconfig */,
				C2F6FA531F621F60E9FB404F /* Pods-MadridShopsAndActivitiesTests.release.xcconfig */,
			);
			name = Pods;
			sourceTree = "<group>";
		};
		DB16EFD11F785FF20039ACFE /* Cells */ = {
			isa = PBXGroup;
			children = (
				DB16EFD21F7860170039ACFE /* ShopCollectionViewCell.swift */,
				DB16EFD31F7860170039ACFE /* ShopCollectionViewCell.xib */,
				DB4641831F7AEC06006D4B20 /* ActivityCollectionViewCell.swift */,
				DB4641851F7AEC4E006D4B20 /* ActivityCell.xib */,
			);
			path = Cells;
			sourceTree = "<group>";
		};
		DB16EFD81F7AC65F0039ACFE /* Helpers */ = {
			isa = PBXGroup;
			children = (
				DB4641721F7ACEF2006D4B20 /* CoreDataStack.swift */,
				DB16EFD91F7AC6730039ACFE /* Reachability.swift */,
				DB9A743C1F7821D600EE392B /* Constants.swift */,
				DB4641741F7ACF36006D4B20 /* HelperClass.swift */,
				DBBECB301F813472006AC8C2 /* ConnectionCheckerAndDataDownloader.swift */,
			);
			path = Helpers;
			sourceTree = "<group>";
		};
		DB1B392F1F77FE5800FBD410 = {
			isa = PBXGroup;
			children = (
				DB1B393A1F77FE5800FBD410 /* MadridShopsAndActivities */,
				DB1B39521F77FE5800FBD410 /* MadridShopsAndActivitiesTests */,
				DB1B39391F77FE5800FBD410 /* Products */,
				DB9A74281F7805E500EE392B /* Frameworks */,
				5318BB8DECACDB153570177F /* Pods */,
			);
			sourceTree = "<group>";
		};
		DB1B39391F77FE5800FBD410 /* Products */ = {
			isa = PBXGroup;
			children = (
				DB1B39381F77FE5800FBD410 /* MadridShopsAndActivities.app */,
				DB1B394F1F77FE5800FBD410 /* MadridShopsAndActivitiesTests.xctest */,
			);
			name = Products;
			sourceTree = "<group>";
		};
		DB1B393A1F77FE5800FBD410 /* MadridShopsAndActivities */ = {
			isa = PBXGroup;
			children = (
				DB1B393B1F77FE5800FBD410 /* AppDelegate.swift */,
				DBBECB341F814AD8006AC8C2 /* Extensions */,
				DB16EFD81F7AC65F0039ACFE /* Helpers */,
				DB9A742D1F7807FC00EE392B /* Model */,
				DB9A742C1F7807F700EE392B /* View */,
				DB9A742B1F7807EC00EE392B /* Controller */,
				DB1B39451F77FE5800FBD410 /* Assets.xcassets */,
				DB1B394A1F77FE5800FBD410 /* Info.plist */,
			);
			path = MadridShopsAndActivities;
			sourceTree = "<group>";
		};
		DB1B39521F77FE5800FBD410 /* MadridShopsAndActivitiesTests */ = {
			isa = PBXGroup;
			children = (
				DB1B39531F77FE5800FBD410 /* MadridShopsAndActivitiesTests.swift */,
				DB1B39551F77FE5800FBD410 /* Info.plist */,
			);
			path = MadridShopsAndActivitiesTests;
			sourceTree = "<group>";
		};
		DB4641781F7AE45B006D4B20 /* CacheInteractors */ = {
			isa = PBXGroup;
			children = (
				DB4641791F7AE468006D4B20 /* SaveAllInteractor.swift */,
				DB46417A1F7AE468006D4B20 /* SaveAllInteractorImplementation.swift */,
			);
			path = CacheInteractors;
			sourceTree = "<group>";
		};
		DB9A74281F7805E500EE392B /* Frameworks */ = {
			isa = PBXGroup;
			children = (
				DB9A74291F7805E500EE392B /* MapKit.framework */,
				F13D9D6E6DFCB2D1A6FF0136 /* Pods_MadridShopsAndActivities.framework */,
				44ADAB98DA7507DD4F59EE49 /* Pods_MadridShopsAndActivitiesTests.framework */,
			);
			name = Frameworks;
			sourceTree = "<group>";
		};
		DB9A742B1F7807EC00EE392B /* Controller */ = {
			isa = PBXGroup;
			children = (
				DB1B393D1F77FE5800FBD410 /* ShopsViewController.swift */,
				DB16EFD61F7860AC0039ACFE /* ShopsViewController+UICollectionView.swift */,
				DB4641761F7AD610006D4B20 /* DetailViewController.swift */,
				DB46417F1F7AE8A6006D4B20 /* ActivitiesViewController.swift */,
				DB4641811F7AEBAC006D4B20 /* ActivitiesViewController+UICollectionView.swift */,
				DB2BA3E61F7DA7A900FF8701 /* MadridTabBarController.swift */,
			);
			path = Controller;
			sourceTree = "<group>";
		};
		DB9A742C1F7807F700EE392B /* View */ = {
			isa = PBXGroup;
			children = (
				DB16EFD11F785FF20039ACFE /* Cells */,
				DB1B39471F77FE5800FBD410 /* LaunchScreen.storyboard */,
				DB1B393F1F77FE5800FBD410 /* Main.storyboard */,
			);
			path = View;
			sourceTree = "<group>";
		};
		DB9A742D1F7807FC00EE392B /* Model */ = {
			isa = PBXGroup;
			children = (
				DB9A74391F78215B00EE392B /* Interactors */,
				DB9A74341F781E5C00EE392B /* Json Parser */,
				DB9A74301F78097700EE392B /* Activity.swift */,
				DB9A74321F78098600EE392B /* Activities.swift */,
				DB9A742E1F78084A00EE392B /* Shop.swift */,
				DB9A742F1F78086F00EE392B /* Shops.swift */,
				DB1B39421F77FE5800FBD410 /* MadridShopsAndActivities.xcdatamodeld */,
			);
			path = Model;
			sourceTree = "<group>";
		};
		DB9A74341F781E5C00EE392B /* Json Parser */ = {
			isa = PBXGroup;
			children = (
				DB9A74351F781E8200EE392B /* JSONParser.swift */,
			);
			path = "Json Parser";
			sourceTree = "<group>";
		};
		DB9A74391F78215B00EE392B /* Interactors */ = {
			isa = PBXGroup;
			children = (
				DB4641781F7AE45B006D4B20 /* CacheInteractors */,
				DB9A743A1F78217300EE392B /* DownloadAllInteractor.swift */,
				DB9A743E1F78225000EE392B /* DownloadAllShopsInteractorImpl.swift */,
				DB9A74401F7822EE00EE392B /* DownloadAllActivitiesInteractorImpl.swift */,
				DB46417B1F7AE47F006D4B20 /* Mapper.swift */,
				DB2BA3EB1F7DAC2D00FF8701 /* SetExecutedOnceInteractor.swift */,
				DB2BA3EA1F7DAC2C00FF8701 /* SetExecutedOnceInteractorImpl.swift */,
				DB2BA3F01F7DB13D00FF8701 /* CheckExecutedOnceInteractor.swift */,
				DB2BA3F21F7DB18100FF8701 /* CheckExecutedOnceInteractorImpl.swift */,
			);
			path = Interactors;
			sourceTree = "<group>";
		};
		DBBECB341F814AD8006AC8C2 /* Extensions */ = {
			isa = PBXGroup;
			children = (
				DBBECB351F814AF3006AC8C2 /* UIViewExtensions.swift */,
			);
			path = Extensions;
			sourceTree = "<group>";
		};
/* End PBXGroup section */

/* Begin PBXNativeTarget section */
		DB1B39371F77FE5800FBD410 /* MadridShopsAndActivities */ = {
			isa = PBXNativeTarget;
			buildConfigurationList = DB1B39581F77FE5800FBD410 /* Build configuration list for PBXNativeTarget "MadridShopsAndActivities" */;
			buildPhases = (
				1C84F82E69DC28A88EA8727C /* [CP] Check Pods Manifest.lock */,
				DB1B39341F77FE5800FBD410 /* Sources */,
				DB1B39351F77FE5800FBD410 /* Frameworks */,
				DB1B39361F77FE5800FBD410 /* Resources */,
				7F705F2EF571E915037E7524 /* [CP] Embed Pods Frameworks */,
				5E7B500FA127D3518A63ADDB /* [CP] Copy Pods Resources */,
			);
			buildRules = (
			);
			dependencies = (
			);
			name = MadridShopsAndActivities;
			productName = MadridShopsAndActivities;
			productReference = DB1B39381F77FE5800FBD410 /* MadridShopsAndActivities.app */;
			productType = "com.apple.product-type.application";
		};
		DB1B394E1F77FE5800FBD410 /* MadridShopsAndActivitiesTests */ = {
			isa = PBXNativeTarget;
			buildConfigurationList = DB1B395B1F77FE5800FBD410 /* Build configuration list for PBXNativeTarget "MadridShopsAndActivitiesTests" */;
			buildPhases = (
				D5EDF01A2E14B500F2AEB520 /* [CP] Check Pods Manifest.lock */,
				DB1B394B1F77FE5800FBD410 /* Sources */,
				DB1B394C1F77FE5800FBD410 /* Frameworks */,
				DB1B394D1F77FE5800FBD410 /* Resources */,
				F96BB159522296E486551D8C /* [CP] Embed Pods Frameworks */,
				A0A8E7D86665603771320CA8 /* [CP] Copy Pods Resources */,
			);
			buildRules = (
			);
			dependencies = (
				DB1B39511F77FE5800FBD410 /* PBXTargetDependency */,
			);
			name = MadridShopsAndActivitiesTests;
			productName = MadridShopsAndActivitiesTests;
			productReference = DB1B394F1F77FE5800FBD410 /* MadridShopsAndActivitiesTests.xctest */;
			productType = "com.apple.product-type.bundle.unit-test";
		};
/* End PBXNativeTarget section */

/* Begin PBXProject section */
		DB1B39301F77FE5800FBD410 /* Project object */ = {
			isa = PBXProject;
			attributes = {
				LastSwiftUpdateCheck = 0900;
				LastUpgradeCheck = 0900;
				ORGANIZATIONNAME = "Tomás Ignacio Moyano";
				TargetAttributes = {
					DB1B39371F77FE5800FBD410 = {
						CreatedOnToolsVersion = 9.0;
						ProvisioningStyle = Automatic;
						SystemCapabilities = {
							com.apple.Maps.iOS = {
								enabled = 1;
							};
						};
					};
					DB1B394E1F77FE5800FBD410 = {
						CreatedOnToolsVersion = 9.0;
						ProvisioningStyle = Automatic;
						TestTargetID = DB1B39371F77FE5800FBD410;
					};
				};
			};
			buildConfigurationList = DB1B39331F77FE5800FBD410 /* Build configuration list for PBXProject "MadridShopsAndActivities" */;
			compatibilityVersion = "Xcode 8.0";
			developmentRegion = en;
			hasScannedForEncodings = 0;
			knownRegions = (
				en,
				Base,
			);
			mainGroup = DB1B392F1F77FE5800FBD410;
			productRefGroup = DB1B39391F77FE5800FBD410 /* Products */;
			projectDirPath = "";
			projectRoot = "";
			targets = (
				DB1B39371F77FE5800FBD410 /* MadridShopsAndActivities */,
				DB1B394E1F77FE5800FBD410 /* MadridShopsAndActivitiesTests */,
			);
		};
/* End PBXProject section */

/* Begin PBXResourcesBuildPhase section */
		DB1B39361F77FE5800FBD410 /* Resources */ = {
			isa = PBXResourcesBuildPhase;
			buildActionMask = 2147483647;
			files = (
				DB1B39491F77FE5800FBD410 /* LaunchScreen.storyboard in Resources */,
				DB4641861F7AEC4E006D4B20 /* ActivityCell.xib in Resources */,
				DB16EFD51F7860170039ACFE /* ShopCollectionViewCell.xib in Resources */,
				DB1B39461F77FE5800FBD410 /* Assets.xcassets in Resources */,
				DB1B39411F77FE5800FBD410 /* Main.storyboard in Resources */,
			);
			runOnlyForDeploymentPostprocessing = 0;
		};
		DB1B394D1F77FE5800FBD410 /* Resources */ = {
			isa = PBXResourcesBuildPhase;
			buildActionMask = 2147483647;
			files = (
			);
			runOnlyForDeploymentPostprocessing = 0;
		};
/* End PBXResourcesBuildPhase section */

/* Begin PBXShellScriptBuildPhase section */
		1C84F82E69DC28A88EA8727C /* [CP] Check Pods Manifest.lock */ = {
			isa = PBXShellScriptBuildPhase;
			buildActionMask = 2147483647;
			files = (
			);
			inputPaths = (
			);
			name = "[CP] Check Pods Manifest.lock";
			outputPaths = (
			);
			runOnlyForDeploymentPostprocessing = 0;
			shellPath = /bin/sh;
			shellScript = "diff \"${PODS_ROOT}/../Podfile.lock\" \"${PODS_ROOT}/Manifest.lock\" > /dev/null\nif [ $? != 0 ] ; then\n    # print error to STDERR\n    echo \"error: The sandbox is not in sync with the Podfile.lock. Run 'pod install' or update your CocoaPods installation.\" >&2\n    exit 1\nfi\n";
			showEnvVarsInLog = 0;
		};
		5E7B500FA127D3518A63ADDB /* [CP] Copy Pods Resources */ = {
			isa = PBXShellScriptBuildPhase;
			buildActionMask = 2147483647;
			files = (
			);
			inputPaths = (
			);
			name = "[CP] Copy Pods Resources";
			outputPaths = (
			);
			runOnlyForDeploymentPostprocessing = 0;
			shellPath = /bin/sh;
			shellScript = "\"${SRCROOT}/Pods/Target Support Files/Pods-MadridShopsAndActivities/Pods-MadridShopsAndActivities-resources.sh\"\n";
			showEnvVarsInLog = 0;
		};
		7F705F2EF571E915037E7524 /* [CP] Embed Pods Frameworks */ = {
			isa = PBXShellScriptBuildPhase;
			buildActionMask = 2147483647;
			files = (
			);
			inputPaths = (
			);
			name = "[CP] Embed Pods Frameworks";
			outputPaths = (
			);
			runOnlyForDeploymentPostprocessing = 0;
			shellPath = /bin/sh;
			shellScript = "\"${SRCROOT}/Pods/Target Support Files/Pods-MadridShopsAndActivities/Pods-MadridShopsAndActivities-frameworks.sh\"\n";
			showEnvVarsInLog = 0;
		};
		A0A8E7D86665603771320CA8 /* [CP] Copy Pods Resources */ = {
			isa = PBXShellScriptBuildPhase;
			buildActionMask = 2147483647;
			files = (
			);
			inputPaths = (
			);
			name = "[CP] Copy Pods Resources";
			outputPaths = (
			);
			runOnlyForDeploymentPostprocessing = 0;
			shellPath = /bin/sh;
			shellScript = "\"${SRCROOT}/Pods/Target Support Files/Pods-MadridShopsAndActivitiesTests/Pods-MadridShopsAndActivitiesTests-resources.sh\"\n";
			showEnvVarsInLog = 0;
		};
		D5EDF01A2E14B500F2AEB520 /* [CP] Check Pods Manifest.lock */ = {
			isa = PBXShellScriptBuildPhase;
			buildActionMask = 2147483647;
			files = (
			);
			inputPaths = (
			);
			name = "[CP] Check Pods Manifest.lock";
			outputPaths = (
			);
			runOnlyForDeploymentPostprocessing = 0;
			shellPath = /bin/sh;
			shellScript = "diff \"${PODS_ROOT}/../Podfile.lock\" \"${PODS_ROOT}/Manifest.lock\" > /dev/null\nif [ $? != 0 ] ; then\n    # print error to STDERR\n    echo \"error: The sandbox is not in sync with the Podfile.lock. Run 'pod install' or update your CocoaPods installation.\" >&2\n    exit 1\nfi\n";
			showEnvVarsInLog = 0;
		};
		F96BB159522296E486551D8C /* [CP] Embed Pods Frameworks */ = {
			isa = PBXShellScriptBuildPhase;
			buildActionMask = 2147483647;
			files = (
			);
			inputPaths = (
			);
			name = "[CP] Embed Pods Frameworks";
			outputPaths = (
			);
			runOnlyForDeploymentPostprocessing = 0;
			shellPath = /bin/sh;
			shellScript = "\"${SRCROOT}/Pods/Target Support Files/Pods-MadridShopsAndActivitiesTests/Pods-MadridShopsAndActivitiesTests-frameworks.sh\"\n";
			showEnvVarsInLog = 0;
		};
/* End PBXShellScriptBuildPhase section */

/* Begin PBXSourcesBuildPhase section */
		DB1B39341F77FE5800FBD410 /* Sources */ = {
			isa = PBXSourcesBuildPhase;
			buildActionMask = 2147483647;
			files = (
				DB4641821F7AEBAC006D4B20 /* ActivitiesViewController+UICollectionView.swift in Sources */,
				DB46417E1F7AE517006D4B20 /* SaveAllInteractor.swift in Sources */,
				DB16EFD71F7860AC0039ACFE /* ShopsViewController+UICollectionView.swift in Sources */,
				DBBECB311F813472006AC8C2 /* ConnectionCheckerAndDataDownloader.swift in Sources */,
				DB1B393E1F77FE5800FBD410 /* ShopsViewController.swift in Sources */,
				DB4641801F7AE8A6006D4B20 /* ActivitiesViewController.swift in Sources */,
				DB1B39441F77FE5800FBD410 /* MadridShopsAndActivities.xcdatamodeld in Sources */,
				DB4641751F7ACF36006D4B20 /* HelperClass.swift in Sources */,
				DB9A74361F781E8200EE392B /* JSONParser.swift in Sources */,
				DB9A74311F78097700EE392B /* Activity.swift in Sources */,
				DB9A74371F781F9600EE392B /* Shops.swift in Sources */,
				DB9A743F1F78225100EE392B /* DownloadAllShopsInteractorImpl.swift in Sources */,
				DB2BA3EF1F7DAC2D00FF8701 /* SetExecutedOnceInteractor.swift in Sources */,
				DB4641731F7ACEF2006D4B20 /* CoreDataStack.swift in Sources */,
				DB4641771F7AD610006D4B20 /* DetailViewController.swift in Sources */,
				DB9A743D1F7821D600EE392B /* Constants.swift in Sources */,
				DB2BA3E71F7DA7A900FF8701 /* MadridTabBarController.swift in Sources */,
				DB16EFDA1F7AC6730039ACFE /* Reachability.swift in Sources */,
				DB16EFD41F7860170039ACFE /* ShopCollectionViewCell.swift in Sources */,
				DB46417C1F7AE47F006D4B20 /* Mapper.swift in Sources */,
				DB2BA3EE1F7DAC2D00FF8701 /* SetExecutedOnceInteractorImpl.swift in Sources */,
				DB9A74331F78098600EE392B /* Activities.swift in Sources */,
				DB2BA3F11F7DB13D00FF8701 /* CheckExecutedOnceInteractor.swift in Sources */,
				DB9A743B1F78217300EE392B /* DownloadAllInteractor.swift in Sources */,
				DB1B393C1F77FE5800FBD410 /* AppDelegate.swift in Sources */,
				DB9A74411F7822EE00EE392B /* DownloadAllActivitiesInteractorImpl.swift in Sources */,
				DBBECB361F814AF3006AC8C2 /* UIViewExtensions.swift in Sources */,
				DB4641841F7AEC06006D4B20 /* ActivityCollectionViewCell.swift in Sources */,
				DB9A74381F781FB500EE392B /* Shop.swift in Sources */,
				DB46417D1F7AE514006D4B20 /* SaveAllInteractorImplementation.swift in Sources */,
				DB2BA3F31F7DB18100FF8701 /* CheckExecutedOnceInteractorImpl.swift in Sources */,
			);
			runOnlyForDeploymentPostprocessing = 0;
		};
		DB1B394B1F77FE5800FBD410 /* Sources */ = {
			isa = PBXSourcesBuildPhase;
			buildActionMask = 2147483647;
			files = (
				DB1B39541F77FE5800FBD410 /* MadridShopsAndActivitiesTests.swift in Sources */,
			);
			runOnlyForDeploymentPostprocessing = 0;
		};
/* End PBXSourcesBuildPhase section */

/* Begin PBXTargetDependency section */
		DB1B39511F77FE5800FBD410 /* PBXTargetDependency */ = {
			isa = PBXTargetDependency;
			target = DB1B39371F77FE5800FBD410 /* MadridShopsAndActivities */;
			targetProxy = DB1B39501F77FE5800FBD410 /* PBXContainerItemProxy */;
		};
/* End PBXTargetDependency section */

/* Begin PBXVariantGroup section */
		DB1B393F1F77FE5800FBD410 /* Main.storyboard */ = {
			isa = PBXVariantGroup;
			children = (
				DB1B39401F77FE5800FBD410 /* Base */,
			);
			name = Main.storyboard;
			sourceTree = "<group>";
		};
		DB1B39471F77FE5800FBD410 /* LaunchScreen.storyboard */ = {
			isa = PBXVariantGroup;
			children = (
				DB1B39481F77FE5800FBD410 /* Base */,
			);
			name = LaunchScreen.storyboard;
			sourceTree = "<group>";
		};
/* End PBXVariantGroup section */

/* Begin XCBuildConfiguration section */
		DB1B39561F77FE5800FBD410 /* Debug */ = {
			isa = XCBuildConfiguration;
			buildSettings = {
				ALWAYS_SEARCH_USER_PATHS = NO;
				CLANG_ANALYZER_NONNULL = YES;
				CLANG_ANALYZER_NUMBER_OBJECT_CONVERSION = YES_AGGRESSIVE;
				CLANG_CXX_LANGUAGE_STANDARD = "gnu++14";
				CLANG_CXX_LIBRARY = "libc++";
				CLANG_ENABLE_MODULES = YES;
				CLANG_ENABLE_OBJC_ARC = YES;
				CLANG_WARN_BLOCK_CAPTURE_AUTORELEASING = YES;
				CLANG_WARN_BOOL_CONVERSION = YES;
				CLANG_WARN_COMMA = YES;
				CLANG_WARN_CONSTANT_CONVERSION = YES;
				CLANG_WARN_DIRECT_OBJC_ISA_USAGE = YES_ERROR;
				CLANG_WARN_DOCUMENTATION_COMMENTS = YES;
				CLANG_WARN_EMPTY_BODY = YES;
				CLANG_WARN_ENUM_CONVERSION = YES;
				CLANG_WARN_INFINITE_RECURSION = YES;
				CLANG_WARN_INT_CONVERSION = YES;
				CLANG_WARN_NON_LITERAL_NULL_CONVERSION = YES;
				CLANG_WARN_OBJC_LITERAL_CONVERSION = YES;
				CLANG_WARN_OBJC_ROOT_CLASS = YES_ERROR;
				CLANG_WARN_RANGE_LOOP_ANALYSIS = YES;
				CLANG_WARN_STRICT_PROTOTYPES = YES;
				CLANG_WARN_SUSPICIOUS_MOVE = YES;
				CLANG_WARN_UNGUARDED_AVAILABILITY = YES_AGGRESSIVE;
				CLANG_WARN_UNREACHABLE_CODE = YES;
				CLANG_WARN__DUPLICATE_METHOD_MATCH = YES;
				CODE_SIGN_IDENTITY = "iPhone Developer";
				COPY_PHASE_STRIP = NO;
				DEBUG_INFORMATION_FORMAT = dwarf;
				ENABLE_STRICT_OBJC_MSGSEND = YES;
				ENABLE_TESTABILITY = YES;
				GCC_C_LANGUAGE_STANDARD = gnu11;
				GCC_DYNAMIC_NO_PIC = NO;
				GCC_NO_COMMON_BLOCKS = YES;
				GCC_OPTIMIZATION_LEVEL = 0;
				GCC_PREPROCESSOR_DEFINITIONS = (
					"DEBUG=1",
					"$(inherited)",
				);
				GCC_WARN_64_TO_32_BIT_CONVERSION = YES;
				GCC_WARN_ABOUT_RETURN_TYPE = YES_ERROR;
				GCC_WARN_UNDECLARED_SELECTOR = YES;
				GCC_WARN_UNINITIALIZED_AUTOS = YES_AGGRESSIVE;
				GCC_WARN_UNUSED_FUNCTION = YES;
				GCC_WARN_UNUSED_VARIABLE = YES;
				IPHONEOS_DEPLOYMENT_TARGET = 11.0;
				MTL_ENABLE_DEBUG_INFO = YES;
				ONLY_ACTIVE_ARCH = YES;
				SDKROOT = iphoneos;
				SWIFT_ACTIVE_COMPILATION_CONDITIONS = DEBUG;
				SWIFT_OPTIMIZATION_LEVEL = "-Onone";
			};
			name = Debug;
		};
		DB1B39571F77FE5800FBD410 /* Release */ = {
			isa = XCBuildConfiguration;
			buildSettings = {
				ALWAYS_SEARCH_USER_PATHS = NO;
				CLANG_ANALYZER_NONNULL = YES;
				CLANG_ANALYZER_NUMBER_OBJECT_CONVERSION = YES_AGGRESSIVE;
				CLANG_CXX_LANGUAGE_STANDARD = "gnu++14";
				CLANG_CXX_LIBRARY = "libc++";
				CLANG_ENABLE_MODULES = YES;
				CLANG_ENABLE_OBJC_ARC = YES;
				CLANG_WARN_BLOCK_CAPTURE_AUTORELEASING = YES;
				CLANG_WARN_BOOL_CONVERSION = YES;
				CLANG_WARN_COMMA = YES;
				CLANG_WARN_CONSTANT_CONVERSION = YES;
				CLANG_WARN_DIRECT_OBJC_ISA_USAGE = YES_ERROR;
				CLANG_WARN_DOCUMENTATION_COMMENTS = YES;
				CLANG_WARN_EMPTY_BODY = YES;
				CLANG_WARN_ENUM_CONVERSION = YES;
				CLANG_WARN_INFINITE_RECURSION = YES;
				CLANG_WARN_INT_CONVERSION = YES;
				CLANG_WARN_NON_LITERAL_NULL_CONVERSION = YES;
				CLANG_WARN_OBJC_LITERAL_CONVERSION = YES;
				CLANG_WARN_OBJC_ROOT_CLASS = YES_ERROR;
				CLANG_WARN_RANGE_LOOP_ANALYSIS = YES;
				CLANG_WARN_STRICT_PROTOTYPES = YES;
				CLANG_WARN_SUSPICIOUS_MOVE = YES;
				CLANG_WARN_UNGUARDED_AVAILABILITY = YES_AGGRESSIVE;
				CLANG_WARN_UNREACHABLE_CODE = YES;
				CLANG_WARN__DUPLICATE_METHOD_MATCH = YES;
				CODE_SIGN_IDENTITY = "iPhone Developer";
				COPY_PHASE_STRIP = NO;
				DEBUG_INFORMATION_FORMAT = "dwarf-with-dsym";
				ENABLE_NS_ASSERTIONS = NO;
				ENABLE_STRICT_OBJC_MSGSEND = YES;
				GCC_C_LANGUAGE_STANDARD = gnu11;
				GCC_NO_COMMON_BLOCKS = YES;
				GCC_WARN_64_TO_32_BIT_CONVERSION = YES;
				GCC_WARN_ABOUT_RETURN_TYPE = YES_ERROR;
				GCC_WARN_UNDECLARED_SELECTOR = YES;
				GCC_WARN_UNINITIALIZED_AUTOS = YES_AGGRESSIVE;
				GCC_WARN_UNUSED_FUNCTION = YES;
				GCC_WARN_UNUSED_VARIABLE = YES;
				IPHONEOS_DEPLOYMENT_TARGET = 11.0;
				MTL_ENABLE_DEBUG_INFO = NO;
				SDKROOT = iphoneos;
				SWIFT_OPTIMIZATION_LEVEL = "-Owholemodule";
				VALIDATE_PRODUCT = YES;
			};
			name = Release;
		};
		DB1B39591F77FE5800FBD410 /* Debug */ = {
			isa = XCBuildConfiguration;
			baseConfigurationReference = 0F7CDA659C3FCFA2D11F970C /* Pods-MadridShopsAndActivities.debug.xcconfig */;
			buildSettings = {
				ASSETCATALOG_COMPILER_APPICON_NAME = AppIcon;
				CODE_SIGN_STYLE = Automatic;
				DEVELOPMENT_TEAM = TGZMTK43GJ;
				INFOPLIST_FILE = MadridShopsAndActivities/Info.plist;
				LD_RUNPATH_SEARCH_PATHS = "$(inherited) @executable_path/Frameworks";
				PRODUCT_BUNDLE_IDENTIFIER = com.tomas.MadridShopsAndActivities;
				PRODUCT_NAME = "$(TARGET_NAME)";
				SWIFT_OBJC_BRIDGING_HEADER = "";
				SWIFT_VERSION = 4.0;
				TARGETED_DEVICE_FAMILY = "1,2";
			};
			name = Debug;
		};
		DB1B395A1F77FE5800FBD410 /* Release */ = {
			isa = XCBuildConfiguration;
			baseConfigurationReference = 3DC7BD70BD700CFB73A0DC1D /* Pods-MadridShopsAndActivities.release.xcconfig */;
			buildSettings = {
				ASSETCATALOG_COMPILER_APPICON_NAME = AppIcon;
				CODE_SIGN_STYLE = Automatic;
				DEVELOPMENT_TEAM = TGZMTK43GJ;
				INFOPLIST_FILE = MadridShopsAndActivities/Info.plist;
				LD_RUNPATH_SEARCH_PATHS = "$(inherited) @executable_path/Frameworks";
				PRODUCT_BUNDLE_IDENTIFIER = com.tomas.MadridShopsAndActivities;
				PRODUCT_NAME = "$(TARGET_NAME)";
				SWIFT_OBJC_BRIDGING_HEADER = "";
				SWIFT_VERSION = 4.0;
				TARGETED_DEVICE_FAMILY = "1,2";
			};
			name = Release;
		};
		DB1B395C1F77FE5800FBD410 /* Debug */ = {
			isa = XCBuildConfiguration;
			baseConfigurationReference = EA0A9878753A81CBCE610221 /* Pods-MadridShopsAndActivitiesTests.debug.xcconfig */;
			buildSettings = {
				ALWAYS_EMBED_SWIFT_STANDARD_LIBRARIES = YES;
				BUNDLE_LOADER = "$(TEST_HOST)";
				CODE_SIGN_STYLE = Automatic;
				DEVELOPMENT_TEAM = TGZMTK43GJ;
				INFOPLIST_FILE = MadridShopsAndActivitiesTests/Info.plist;
				LD_RUNPATH_SEARCH_PATHS = "$(inherited) @executable_path/Frameworks @loader_path/Frameworks";
				PRODUCT_BUNDLE_IDENTIFIER = com.tomas.MadridShopsAndActivitiesTests;
				PRODUCT_NAME = "$(TARGET_NAME)";
				SWIFT_VERSION = 4.0;
				TARGETED_DEVICE_FAMILY = "1,2";
				TEST_HOST = "$(BUILT_PRODUCTS_DIR)/MadridShopsAndActivities.app/MadridShopsAndActivities";
			};
			name = Debug;
		};
		DB1B395D1F77FE5800FBD410 /* Release */ = {
			isa = XCBuildConfiguration;
			baseConfigurationReference = C2F6FA531F621F60E9FB404F /* Pods-MadridShopsAndActivitiesTests.release.xcconfig */;
			buildSettings = {
				ALWAYS_EMBED_SWIFT_STANDARD_LIBRARIES = YES;
				BUNDLE_LOADER = "$(TEST_HOST)";
				CODE_SIGN_STYLE = Automatic;
				DEVELOPMENT_TEAM = TGZMTK43GJ;
				INFOPLIST_FILE = MadridShopsAndActivitiesTests/Info.plist;
				LD_RUNPATH_SEARCH_PATHS = "$(inherited) @executable_path/Frameworks @loader_path/Frameworks";
				PRODUCT_BUNDLE_IDENTIFIER = com.tomas.MadridShopsAndActivitiesTests;
				PRODUCT_NAME = "$(TARGET_NAME)";
				SWIFT_VERSION = 4.0;
				TARGETED_DEVICE_FAMILY = "1,2";
				TEST_HOST = "$(BUILT_PRODUCTS_DIR)/MadridShopsAndActivities.app/MadridShopsAndActivities";
			};
			name = Release;
		};
/* End XCBuildConfiguration section */

/* Begin XCConfigurationList section */
		DB1B39331F77FE5800FBD410 /* Build configuration list for PBXProject "MadridShopsAndActivities" */ = {
			isa = XCConfigurationList;
			buildConfigurations = (
				DB1B39561F77FE5800FBD410 /* Debug */,
				DB1B39571F77FE5800FBD410 /* Release */,
			);
			defaultConfigurationIsVisible = 0;
			defaultConfigurationName = Release;
		};
		DB1B39581F77FE5800FBD410 /* Build configuration list for PBXNativeTarget "MadridShopsAndActivities" */ = {
			isa = XCConfigurationList;
			buildConfigurations = (
				DB1B39591F77FE5800FBD410 /* Debug */,
				DB1B395A1F77FE5800FBD410 /* Release */,
			);
			defaultConfigurationIsVisible = 0;
			defaultConfigurationName = Release;
		};
		DB1B395B1F77FE5800FBD410 /* Build configuration list for PBXNativeTarget "MadridShopsAndActivitiesTests" */ = {
			isa = XCConfigurationList;
			buildConfigurations = (
				DB1B395C1F77FE5800FBD410 /* Debug */,
				DB1B395D1F77FE5800FBD410 /* Release */,
			);
			defaultConfigurationIsVisible = 0;
			defaultConfigurationName = Release;
		};
/* End XCConfigurationList section */

/* Begin XCVersionGroup section */
		DB1B39421F77FE5800FBD410 /* MadridShopsAndActivities.xcdatamodeld */ = {
			isa = XCVersionGroup;
			children = (
				DB1B39431F77FE5800FBD410 /* MadridShopsAndActivities.xcdatamodel */,
			);
			currentVersion = DB1B39431F77FE5800FBD410 /* MadridShopsAndActivities.xcdatamodel */;
			path = MadridShopsAndActivities.xcdatamodeld;
			sourceTree = "<group>";
			versionGroupType = wrapper.xcdatamodel;
		};
/* End XCVersionGroup section */
	};
	rootObject = DB1B39301F77FE5800FBD410 /* Project object */;
}
